
Microsoft Visual Studio Solution File, Format Version 12.00
# Visual Studio Version 17
VisualStudioVersion = 17.11.35303.130
MinimumVisualStudioVersion = 10.0.40219.1
Project("{FAE04EC0-301F-11D3-BF4B-00C04F79EFBC}") = "index", "Ex19\index.csproj", "{7DB43CCC-526D-4C81-B1F7-1B3EC0CE463E}"
EndProject
Global
	GlobalSection(SolutionConfigurationPlatforms) = preSolution
		Debug|Any CPU = Debug|Any CPU
		Release|Any CPU = Release|Any CPU
	EndGlobalSection
	GlobalSection(ProjectConfigurationPlatforms) = postSolution
		{7DB43CCC-526D-4C81-B1F7-1B3EC0CE463E}.Debug|Any CPU.ActiveCfg = Debug|Any CPU
		{7DB43CCC-526D-4C81-B1F7-1B3EC0CE463E}.Debug|Any CPU.Build.0 = Debug|Any CPU
		{7DB43CCC-526D-4C81-B1F7-1B3EC0CE463E}.Release|Any CPU.ActiveCfg = Release|Any CPU
		{7DB43CCC-526D-4C81-B1F7-1B3EC0CE463E}.Release|Any CPU.Build.0 = Release|Any CPU
	EndGlobalSection
	GlobalSection(SolutionProperties) = preSolution
		HideSolutionNode = FALSE
	EndGlobalSection
	GlobalSection(ExtensibilityGlobals) = postSolution
		SolutionGuid = {D8E0AA40-B2F4-4047-9DE3-FEC2E1D49160}
	EndGlobalSection
EndGlobal
